
Microsoft Visual Studio Solution File, Format Version 12.00
# Visual Studio Version 17
VisualStudioVersion = 17.7.34031.279
MinimumVisualStudioVersion = 10.0.40219.1
Project("{FAE04EC0-301F-11D3-BF4B-00C04F79EFBC}") = "Arcane_Echoes_The_Rise_of_the_Obsidian_Queen", "Arcane_Echoes_The_Rise_of_the_Obsidian_Queen\Arcane_Echoes_The_Rise_of_the_Obsidian_Queen.csproj", "{EB89C932-42FA-4F8F-B1A1-C72B0FA16ABB}"
EndProject
Global
	GlobalSection(SolutionConfigurationPlatforms) = preSolution
		Debug|Any CPU = Debug|Any CPU
		Release|Any CPU = Release|Any CPU
	EndGlobalSection
	GlobalSection(ProjectConfigurationPlatforms) = postSolution
		{EB89C932-42FA-4F8F-B1A1-C72B0FA16ABB}.Debug|Any CPU.ActiveCfg = Debug|Any CPU
		{EB89C932-42FA-4F8F-B1A1-C72B0FA16ABB}.Debug|Any CPU.Build.0 = Debug|Any CPU
		{EB89C932-42FA-4F8F-B1A1-C72B0FA16ABB}.Release|Any CPU.ActiveCfg = Release|Any CPU
		{EB89C932-42FA-4F8F-B1A1-C72B0FA16ABB}.Release|Any CPU.Build.0 = Release|Any CPU
	EndGlobalSection
	GlobalSection(SolutionProperties) = preSolution
		HideSolutionNode = FALSE
	EndGlobalSection
	GlobalSection(ExtensibilityGlobals) = postSolution
		SolutionGuid = {B6D2904D-78F4-4D9F-84C4-1DA0CBF30A52}
	EndGlobalSection
EndGlobal
